
Microsoft Visual Studio Solution File, Format Version 12.00
# Visual Studio 2012
Project("{FAE04EC0-301F-11D3-BF4B-00C04F79EFBC}") = "Crud", "Crud\Crud.csproj", "{C86F7862-5520-45E3-BA93-A3A067C07693}"
EndProject
Project("{2150E333-8FDC-42A3-9474-1A3956D46DE8}") = "Lv00_UserInterface", "Lv00_UserInterface", "{D3F3EF9E-965A-4E60-A2F8-A70D9E0E4039}"
EndProject
Project("{2150E333-8FDC-42A3-9474-1A3956D46DE8}") = "Lv02_EntityModelBase", "Lv02_EntityModelBase", "{F64AD302-21DC-44BB-A744-87C8EBBECA98}"
EndProject
Project("{2150E333-8FDC-42A3-9474-1A3956D46DE8}") = "Lv02_Factories_Interface", "Lv02_Factories_Interface", "{0FF9E6D2-78F2-4A91-8F05-8277DA763964}"
EndProject
Project("{2150E333-8FDC-42A3-9474-1A3956D46DE8}") = "Lv01_Controllers", "Lv01_Controllers", "{727D3B69-CD12-448C-8087-B435BEEC5459}"
EndProject
Project("{2150E333-8FDC-42A3-9474-1A3956D46DE8}") = "Lv03_Implementations_EntityModel", "Lv03_Implementations_EntityModel", "{8841A92A-04BF-4007-9BC7-3387A03365BE}"
EndProject
Project("{FAE04EC0-301F-11D3-BF4B-00C04F79EFBC}") = "DesktopUI", "DesktopUI\DesktopUI.csproj", "{930342F3-3309-4B99-A4D0-6C13AECF0113}"
EndProject
Project("{FAE04EC0-301F-11D3-BF4B-00C04F79EFBC}") = "Common", "Common\Common.csproj", "{F0C09E97-7996-4496-B102-4761DE011BCF}"
EndProject
Project("{FAE04EC0-301F-11D3-BF4B-00C04F79EFBC}") = "Controllers", "Controllers\Controllers.csproj", "{E4F940A7-AB68-4A3D-B009-BF638C035FE2}"
EndProject
Project("{FAE04EC0-301F-11D3-BF4B-00C04F79EFBC}") = "EntityBase", "EntityBase\EntityBase.csproj", "{ABC76689-B5A4-49BA-BFEE-9246CCC193D8}"
EndProject
Project("{FAE04EC0-301F-11D3-BF4B-00C04F79EFBC}") = "ModelBase", "ModelBase\ModelBase.csproj", "{5036C4FF-60EF-455B-9826-8D0F2F1E7DEE}"
EndProject
Project("{FAE04EC0-301F-11D3-BF4B-00C04F79EFBC}") = "Factories", "Factories\Factories.csproj", "{6F92A256-4787-4083-93FE-40E9FDBE0919}"
EndProject
Project("{FAE04EC0-301F-11D3-BF4B-00C04F79EFBC}") = "Interfaces", "Interfaces\Interfaces.csproj", "{73A8BFC0-09E9-482E-8BEB-19A54FADA8B3}"
EndProject
Project("{FAE04EC0-301F-11D3-BF4B-00C04F79EFBC}") = "Implementation_Entities", "Entities\Implementation_Entities.csproj", "{694AB699-81A0-41F5-9DC9-5AC0914871C4}"
EndProject
Project("{FAE04EC0-301F-11D3-BF4B-00C04F79EFBC}") = "Implementation_ModelDataAccess_SQLServer", "Implementation_SQLServer\Implementation_ModelDataAccess_SQLServer.csproj", "{D9D6E4E9-B436-4B73-890E-61DF2120EBF3}"
EndProject
Project("{FAE04EC0-301F-11D3-BF4B-00C04F79EFBC}") = "Implementation_Models", "Implementation_Models\Implementation_Models.csproj", "{102FF019-1D05-4BE2-86D0-DE755208D7EF}"
EndProject
Project("{2150E333-8FDC-42A3-9474-1A3956D46DE8}") = "Lv03_Implementation_ModelDataAccess", "Lv03_Implementation_ModelDataAccess", "{E1126308-4DA3-449C-BCB7-1F5A6C7933AD}"
EndProject
Global
	GlobalSection(SolutionConfigurationPlatforms) = preSolution
		Debug|Any CPU = Debug|Any CPU
		Debug|Mixed Platforms = Debug|Mixed Platforms
		Debug|x86 = Debug|x86
		Release|Any CPU = Release|Any CPU
		Release|Mixed Platforms = Release|Mixed Platforms
		Release|x86 = Release|x86
	EndGlobalSection
	GlobalSection(ProjectConfigurationPlatforms) = postSolution
		{C86F7862-5520-45E3-BA93-A3A067C07693}.Debug|Any CPU.ActiveCfg = Debug|x86
		{C86F7862-5520-45E3-BA93-A3A067C07693}.Debug|Mixed Platforms.ActiveCfg = Debug|x86
		{C86F7862-5520-45E3-BA93-A3A067C07693}.Debug|Mixed Platforms.Build.0 = Debug|x86
		{C86F7862-5520-45E3-BA93-A3A067C07693}.Debug|x86.ActiveCfg = Debug|x86
		{C86F7862-5520-45E3-BA93-A3A067C07693}.Debug|x86.Build.0 = Debug|x86
		{C86F7862-5520-45E3-BA93-A3A067C07693}.Release|Any CPU.ActiveCfg = Release|x86
		{C86F7862-5520-45E3-BA93-A3A067C07693}.Release|Mixed Platforms.ActiveCfg = Release|x86
		{C86F7862-5520-45E3-BA93-A3A067C07693}.Release|Mixed Platforms.Build.0 = Release|x86
		{C86F7862-5520-45E3-BA93-A3A067C07693}.Release|x86.ActiveCfg = Release|x86
		{C86F7862-5520-45E3-BA93-A3A067C07693}.Release|x86.Build.0 = Release|x86
		{930342F3-3309-4B99-A4D0-6C13AECF0113}.Debug|Any CPU.ActiveCfg = Debug|x86
		{930342F3-3309-4B99-A4D0-6C13AECF0113}.Debug|Mixed Platforms.ActiveCfg = Debug|x86
		{930342F3-3309-4B99-A4D0-6C13AECF0113}.Debug|Mixed Platforms.Build.0 = Debug|x86
		{930342F3-3309-4B99-A4D0-6C13AECF0113}.Debug|x86.ActiveCfg = Debug|x86
		{930342F3-3309-4B99-A4D0-6C13AECF0113}.Debug|x86.Build.0 = Debug|x86
		{930342F3-3309-4B99-A4D0-6C13AECF0113}.Release|Any CPU.ActiveCfg = Release|x86
		{930342F3-3309-4B99-A4D0-6C13AECF0113}.Release|Mixed Platforms.ActiveCfg = Release|x86
		{930342F3-3309-4B99-A4D0-6C13AECF0113}.Release|Mixed Platforms.Build.0 = Release|x86
		{930342F3-3309-4B99-A4D0-6C13AECF0113}.Release|x86.ActiveCfg = Release|x86
		{930342F3-3309-4B99-A4D0-6C13AECF0113}.Release|x86.Build.0 = Release|x86
		{F0C09E97-7996-4496-B102-4761DE011BCF}.Debug|Any CPU.ActiveCfg = Debug|Any CPU
		{F0C09E97-7996-4496-B102-4761DE011BCF}.Debug|Any CPU.Build.0 = Debug|Any CPU
		{F0C09E97-7996-4496-B102-4761DE011BCF}.Debug|Mixed Platforms.ActiveCfg = Debug|Any CPU
		{F0C09E97-7996-4496-B102-4761DE011BCF}.Debug|Mixed Platforms.Build.0 = Debug|Any CPU
		{F0C09E97-7996-4496-B102-4761DE011BCF}.Debug|x86.ActiveCfg = Debug|Any CPU
		{F0C09E97-7996-4496-B102-4761DE011BCF}.Release|Any CPU.ActiveCfg = Release|Any CPU
		{F0C09E97-7996-4496-B102-4761DE011BCF}.Release|Any CPU.Build.0 = Release|Any CPU
		{F0C09E97-7996-4496-B102-4761DE011BCF}.Release|Mixed Platforms.ActiveCfg = Release|Any CPU
		{F0C09E97-7996-4496-B102-4761DE011BCF}.Release|Mixed Platforms.Build.0 = Release|Any CPU
		{F0C09E97-7996-4496-B102-4761DE011BCF}.Release|x86.ActiveCfg = Release|Any CPU
		{E4F940A7-AB68-4A3D-B009-BF638C035FE2}.Debug|Any CPU.ActiveCfg = Debug|Any CPU
		{E4F940A7-AB68-4A3D-B009-BF638C035FE2}.Debug|Any CPU.Build.0 = Debug|Any CPU
		{E4F940A7-AB68-4A3D-B009-BF638C035FE2}.Debug|Mixed Platforms.ActiveCfg = Debug|Any CPU
		{E4F940A7-AB68-4A3D-B009-BF638C035FE2}.Debug|Mixed Platforms.Build.0 = Debug|Any CPU
		{E4F940A7-AB68-4A3D-B009-BF638C035FE2}.Debug|x86.ActiveCfg = Debug|Any CPU
		{E4F940A7-AB68-4A3D-B009-BF638C035FE2}.Release|Any CPU.ActiveCfg = Release|Any CPU
		{E4F940A7-AB68-4A3D-B009-BF638C035FE2}.Release|Any CPU.Build.0 = Release|Any CPU
		{E4F940A7-AB68-4A3D-B009-BF638C035FE2}.Release|Mixed Platforms.ActiveCfg = Release|Any CPU
		{E4F940A7-AB68-4A3D-B009-BF638C035FE2}.Release|Mixed Platforms.Build.0 = Release|Any CPU
		{E4F940A7-AB68-4A3D-B009-BF638C035FE2}.Release|x86.ActiveCfg = Release|Any CPU
		{ABC76689-B5A4-49BA-BFEE-9246CCC193D8}.Debug|Any CPU.ActiveCfg = Debug|Any CPU
		{ABC76689-B5A4-49BA-BFEE-9246CCC193D8}.Debug|Any CPU.Build.0 = Debug|Any CPU
		{ABC76689-B5A4-49BA-BFEE-9246CCC193D8}.Debug|Mixed Platforms.ActiveCfg = Debug|Any CPU
		{ABC76689-B5A4-49BA-BFEE-9246CCC193D8}.Debug|Mixed Platforms.Build.0 = Debug|Any CPU
		{ABC76689-B5A4-49BA-BFEE-9246CCC193D8}.Debug|x86.ActiveCfg = Debug|Any CPU
		{ABC76689-B5A4-49BA-BFEE-9246CCC193D8}.Release|Any CPU.ActiveCfg = Release|Any CPU
		{ABC76689-B5A4-49BA-BFEE-9246CCC193D8}.Release|Any CPU.Build.0 = Release|Any CPU
		{ABC76689-B5A4-49BA-BFEE-9246CCC193D8}.Release|Mixed Platforms.ActiveCfg = Release|Any CPU
		{ABC76689-B5A4-49BA-BFEE-9246CCC193D8}.Release|Mixed Platforms.Build.0 = Release|Any CPU
		{ABC76689-B5A4-49BA-BFEE-9246CCC193D8}.Release|x86.ActiveCfg = Release|Any CPU
		{5036C4FF-60EF-455B-9826-8D0F2F1E7DEE}.Debug|Any CPU.ActiveCfg = Debug|Any CPU
		{5036C4FF-60EF-455B-9826-8D0F2F1E7DEE}.Debug|Any CPU.Build.0 = Debug|Any CPU
		{5036C4FF-60EF-455B-9826-8D0F2F1E7DEE}.Debug|Mixed Platforms.ActiveCfg = Debug|Any CPU
		{5036C4FF-60EF-455B-9826-8D0F2F1E7DEE}.Debug|Mixed Platforms.Build.0 = Debug|Any CPU
		{5036C4FF-60EF-455B-9826-8D0F2F1E7DEE}.Debug|x86.ActiveCfg = Debug|Any CPU
		{5036C4FF-60EF-455B-9826-8D0F2F1E7DEE}.Release|Any CPU.ActiveCfg = Release|Any CPU
		{5036C4FF-60EF-455B-9826-8D0F2F1E7DEE}.Release|Any CPU.Build.0 = Release|Any CPU
		{5036C4FF-60EF-455B-9826-8D0F2F1E7DEE}.Release|Mixed Platforms.ActiveCfg = Release|Any CPU
		{5036C4FF-60EF-455B-9826-8D0F2F1E7DEE}.Release|Mixed Platforms.Build.0 = Release|Any CPU
		{5036C4FF-60EF-455B-9826-8D0F2F1E7DEE}.Release|x86.ActiveCfg = Release|Any CPU
		{6F92A256-4787-4083-93FE-40E9FDBE0919}.Debug|Any CPU.ActiveCfg = Debug|Any CPU
		{6F92A256-4787-4083-93FE-40E9FDBE0919}.Debug|Any CPU.Build.0 = Debug|Any CPU
		{6F92A256-4787-4083-93FE-40E9FDBE0919}.Debug|Mixed Platforms.ActiveCfg = Debug|Any CPU
		{6F92A256-4787-4083-93FE-40E9FDBE0919}.Debug|Mixed Platforms.Build.0 = Debug|Any CPU
		{6F92A256-4787-4083-93FE-40E9FDBE0919}.Debug|x86.ActiveCfg = Debug|Any CPU
		{6F92A256-4787-4083-93FE-40E9FDBE0919}.Release|Any CPU.ActiveCfg = Release|Any CPU
		{6F92A256-4787-4083-93FE-40E9FDBE0919}.Release|Any CPU.Build.0 = Release|Any CPU
		{6F92A256-4787-4083-93FE-40E9FDBE0919}.Release|Mixed Platforms.ActiveCfg = Release|Any CPU
		{6F92A256-4787-4083-93FE-40E9FDBE0919}.Release|Mixed Platforms.Build.0 = Release|Any CPU
		{6F92A256-4787-4083-93FE-40E9FDBE0919}.Release|x86.ActiveCfg = Release|Any CPU
		{73A8BFC0-09E9-482E-8BEB-19A54FADA8B3}.Debug|Any CPU.ActiveCfg = Debug|Any CPU
		{73A8BFC0-09E9-482E-8BEB-19A54FADA8B3}.Debug|Any CPU.Build.0 = Debug|Any CPU
		{73A8BFC0-09E9-482E-8BEB-19A54FADA8B3}.Debug|Mixed Platforms.ActiveCfg = Debug|Any CPU
		{73A8BFC0-09E9-482E-8BEB-19A54FADA8B3}.Debug|Mixed Platforms.Build.0 = Debug|Any CPU
		{73A8BFC0-09E9-482E-8BEB-19A54FADA8B3}.Debug|x86.ActiveCfg = Debug|Any CPU
		{73A8BFC0-09E9-482E-8BEB-19A54FADA8B3}.Release|Any CPU.ActiveCfg = Release|Any CPU
		{73A8BFC0-09E9-482E-8BEB-19A54FADA8B3}.Release|Any CPU.Build.0 = Release|Any CPU
		{73A8BFC0-09E9-482E-8BEB-19A54FADA8B3}.Release|Mixed Platforms.ActiveCfg = Release|Any CPU
		{73A8BFC0-09E9-482E-8BEB-19A54FADA8B3}.Release|Mixed Platforms.Build.0 = Release|Any CPU
		{73A8BFC0-09E9-482E-8BEB-19A54FADA8B3}.Release|x86.ActiveCfg = Release|Any CPU
		{694AB699-81A0-41F5-9DC9-5AC0914871C4}.Debug|Any CPU.ActiveCfg = Debug|Any CPU
		{694AB699-81A0-41F5-9DC9-5AC0914871C4}.Debug|Any CPU.Build.0 = Debug|Any CPU
		{694AB699-81A0-41F5-9DC9-5AC0914871C4}.Debug|Mixed Platforms.ActiveCfg = Debug|Any CPU
		{694AB699-81A0-41F5-9DC9-5AC0914871C4}.Debug|Mixed Platforms.Build.0 = Debug|Any CPU
		{694AB699-81A0-41F5-9DC9-5AC0914871C4}.Debug|x86.ActiveCfg = Debug|Any CPU
		{694AB699-81A0-41F5-9DC9-5AC0914871C4}.Release|Any CPU.ActiveCfg = Release|Any CPU
		{694AB699-81A0-41F5-9DC9-5AC0914871C4}.Release|Any CPU.Build.0 = Release|Any CPU
		{694AB699-81A0-41F5-9DC9-5AC0914871C4}.Release|Mixed Platforms.ActiveCfg = Release|Any CPU
		{694AB699-81A0-41F5-9DC9-5AC0914871C4}.Release|Mixed Platforms.Build.0 = Release|Any CPU
		{694AB699-81A0-41F5-9DC9-5AC0914871C4}.Release|x86.ActiveCfg = Release|Any CPU
		{D9D6E4E9-B436-4B73-890E-61DF2120EBF3}.Debug|Any CPU.ActiveCfg = Debug|Any CPU
		{D9D6E4E9-B436-4B73-890E-61DF2120EBF3}.Debug|Any CPU.Build.0 = Debug|Any CPU
		{D9D6E4E9-B436-4B73-890E-61DF2120EBF3}.Debug|Mixed Platforms.ActiveCfg = Debug|Any CPU
		{D9D6E4E9-B436-4B73-890E-61DF2120EBF3}.Debug|Mixed Platforms.Build.0 = Debug|Any CPU
		{D9D6E4E9-B436-4B73-890E-61DF2120EBF3}.Debug|x86.ActiveCfg = Debug|Any CPU
		{D9D6E4E9-B436-4B73-890E-61DF2120EBF3}.Release|Any CPU.ActiveCfg = Release|Any CPU
		{D9D6E4E9-B436-4B73-890E-61DF2120EBF3}.Release|Any CPU.Build.0 = Release|Any CPU
		{D9D6E4E9-B436-4B73-890E-61DF2120EBF3}.Release|Mixed Platforms.ActiveCfg = Release|Any CPU
		{D9D6E4E9-B436-4B73-890E-61DF2120EBF3}.Release|Mixed Platforms.Build.0 = Release|Any CPU
		{D9D6E4E9-B436-4B73-890E-61DF2120EBF3}.Release|x86.ActiveCfg = Release|Any CPU
		{102FF019-1D05-4BE2-86D0-DE755208D7EF}.Debug|Any CPU.ActiveCfg = Debug|Any CPU
		{102FF019-1D05-4BE2-86D0-DE755208D7EF}.Debug|Any CPU.Build.0 = Debug|Any CPU
		{102FF019-1D05-4BE2-86D0-DE755208D7EF}.Debug|Mixed Platforms.ActiveCfg = Debug|Any CPU
		{102FF019-1D05-4BE2-86D0-DE755208D7EF}.Debug|Mixed Platforms.Build.0 = Debug|Any CPU
		{102FF019-1D05-4BE2-86D0-DE755208D7EF}.Debug|x86.ActiveCfg = Debug|Any CPU
		{102FF019-1D05-4BE2-86D0-DE755208D7EF}.Release|Any CPU.ActiveCfg = Release|Any CPU
		{102FF019-1D05-4BE2-86D0-DE755208D7EF}.Release|Any CPU.Build.0 = Release|Any CPU
		{102FF019-1D05-4BE2-86D0-DE755208D7EF}.Release|Mixed Platforms.ActiveCfg = Release|Any CPU
		{102FF019-1D05-4BE2-86D0-DE755208D7EF}.Release|Mixed Platforms.Build.0 = Release|Any CPU
		{102FF019-1D05-4BE2-86D0-DE755208D7EF}.Release|x86.ActiveCfg = Release|Any CPU
	EndGlobalSection
	GlobalSection(SolutionProperties) = preSolution
		HideSolutionNode = FALSE
	EndGlobalSection
	GlobalSection(NestedProjects) = preSolution
		{930342F3-3309-4B99-A4D0-6C13AECF0113} = {D3F3EF9E-965A-4E60-A2F8-A70D9E0E4039}
		{ABC76689-B5A4-49BA-BFEE-9246CCC193D8} = {F64AD302-21DC-44BB-A744-87C8EBBECA98}
		{5036C4FF-60EF-455B-9826-8D0F2F1E7DEE} = {F64AD302-21DC-44BB-A744-87C8EBBECA98}
		{6F92A256-4787-4083-93FE-40E9FDBE0919} = {0FF9E6D2-78F2-4A91-8F05-8277DA763964}
		{73A8BFC0-09E9-482E-8BEB-19A54FADA8B3} = {0FF9E6D2-78F2-4A91-8F05-8277DA763964}
		{F0C09E97-7996-4496-B102-4761DE011BCF} = {727D3B69-CD12-448C-8087-B435BEEC5459}
		{E4F940A7-AB68-4A3D-B009-BF638C035FE2} = {727D3B69-CD12-448C-8087-B435BEEC5459}
		{694AB699-81A0-41F5-9DC9-5AC0914871C4} = {8841A92A-04BF-4007-9BC7-3387A03365BE}
		{102FF019-1D05-4BE2-86D0-DE755208D7EF} = {8841A92A-04BF-4007-9BC7-3387A03365BE}
		{D9D6E4E9-B436-4B73-890E-61DF2120EBF3} = {E1126308-4DA3-449C-BCB7-1F5A6C7933AD}
	EndGlobalSection
EndGlobal
